# Generated by conda-lock.
# platform: linux-64
# input_hash: 57bdc199e68d7d477b2ae481d3a397d2cfe4badc16dc2adacb9c7db848947839
# env_hash: a82a780dd9129072735b0c0f2fd69a1debb8255d970c50a909bd1c4209456cda
@EXPLICIT
https://conda.anaconda.org/conda-forge/linux-64/_libgcc_mutex-0.1-conda_forge.tar.bz2#d7c89558ba9fa0495403155b64376d81
https://conda.anaconda.org/conda-forge/linux-64/ca-certificates-2022.12.7-ha878542_0.conda#ff9f73d45c4a07d6f424495288a26080
https://conda.anaconda.org/nvidia/linux-64/cuda-cccl-11.7.91-0.tar.bz2#888a09675a8dbc5038e844b9cca428d2
https://conda.anaconda.org/nvidia/linux-64/cuda-cudart-11.7.99-0.tar.bz2#79859ac9109109826d77e5e2bbbe18b5
# https://conda.anaconda.org/nvidia/linux-64/cuda-cuobjdump-11.7.91-0.tar.bz2#4a89dd35d20a02cf600705c625436559
https://conda.anaconda.org/nvidia/linux-64/cuda-cupti-11.7.101-0.tar.bz2#099e29408a247a0a50bc976dc5e716b0
# https://conda.anaconda.org/nvidia/linux-64/cuda-cuxxfilt-11.7.91-0.tar.bz2#e29142e6b2afa1674bcf0138c6fafc8f
# https://conda.anaconda.org/nvidia/linux-64/cuda-demo-suite-11.8.86-0.tar.bz2#07bdbd4de564326cc7c7677df92d5657
# https://conda.anaconda.org/nvidia/linux-64/cuda-documentation-11.8.86-0.tar.bz2#f3d58829354915696a6cde600382684d
# https://conda.anaconda.org/nvidia/linux-64/cuda-driver-dev-11.7.99-0.tar.bz2#937489506948ba750153f704d68ec825
# https://conda.anaconda.org/nvidia/linux-64/cuda-gdb-11.8.86-0.tar.bz2#0190089d9f2d7f16d2daadbbba38b678
https://conda.anaconda.org/nvidia/linux-64/cuda-memcheck-11.8.86-0.tar.bz2#0d658b7c0e0799af3a981eff1c33771c
# https://conda.anaconda.org/nvidia/linux-64/cuda-nsight-11.8.86-0.tar.bz2#f6395abb8428ada738738fd558eba798
# https://conda.anaconda.org/nvidia/linux-64/cuda-nvcc-11.7.99-0.tar.bz2#219c03c3c3315401a32793007bd04fd8
https://conda.anaconda.org/nvidia/linux-64/cuda-nvdisasm-11.8.86-0.tar.bz2#47de8e90d674c06001a82c1e1502532a
# https://conda.anaconda.org/nvidia/linux-64/cuda-nvml-dev-11.7.91-0.tar.bz2#02a0fff71f02071a85d582fc8cf8f9de
https://conda.anaconda.org/nvidia/linux-64/cuda-nvprof-11.8.87-0.tar.bz2#a58bfa5a7332b1b71ed88d555a2b934a
# https://conda.anaconda.org/nvidia/linux-64/cuda-nvprune-11.7.91-0.tar.bz2#3c571bc0663a824a2fbd737effef3432
https://conda.anaconda.org/nvidia/linux-64/cuda-nvrtc-11.7.99-0.tar.bz2#f56ebbd9aa130d0fae45079d8bf76617
https://conda.anaconda.org/nvidia/linux-64/cuda-nvtx-11.7.91-0.tar.bz2#87381e82875d3b341e2d48a5c4d26e2b
https://conda.anaconda.org/nvidia/linux-64/cuda-sanitizer-api-11.8.86-0.tar.bz2#f0f85d83cfb619d64e4fb3d00bd6b52a
https://conda.anaconda.org/conda-forge/noarch/font-ttf-dejavu-sans-mono-2.37-hab24e00_0.tar.bz2#0c96522c6bdaed4b1566d11387caaf45
https://conda.anaconda.org/conda-forge/noarch/font-ttf-inconsolata-3.000-h77eed37_0.tar.bz2#34893075a5c9e55cdafac56607368fc6
https://conda.anaconda.org/conda-forge/noarch/font-ttf-source-code-pro-2.038-h77eed37_0.tar.bz2#4d59c254e01d9cde7957100457e2d5fb
https://conda.anaconda.org/conda-forge/noarch/font-ttf-ubuntu-0.83-hab24e00_0.tar.bz2#19410c3df09dfb12d1206132a1d357c5
https://conda.anaconda.org/conda-forge/linux-64/ld_impl_linux-64-2.39-hcc3a1bd_1.conda#737be0d34c22d24432049ab7a3214de4
https://conda.anaconda.org/nvidia/linux-64/libcublas-11.11.3.6-0.tar.bz2#7700a48c99151d2b77e7838aa0852da9
https://conda.anaconda.org/nvidia/linux-64/libcufft-10.9.0.58-0.tar.bz2#dbb21687334ce5f8e6a233cb18ee406b
https://conda.anaconda.org/nvidia/linux-64/libcufile-1.4.0.31-0.tar.bz2#eacba45944720ae98bea25f468a11ca7
https://conda.anaconda.org/nvidia/linux-64/libcurand-10.3.0.86-0.tar.bz2#e0358f66f787e409b29becd898d5983f
https://conda.anaconda.org/nvidia/linux-64/libcusolver-11.4.1.48-0.tar.bz2#a497123295be4e0bd221da5bf215f8b8
https://conda.anaconda.org/nvidia/linux-64/libcusparse-11.7.5.86-0.tar.bz2#853c37fabd07b5b91d3007afc82c3ed4
https://conda.anaconda.org/conda-forge/linux-64/libgfortran5-12.2.0-h337968e_19.tar.bz2#164b4b1acaedc47ee7e658ae6b308ca3
https://conda.anaconda.org/nvidia/linux-64/libnpp-11.8.0.86-0.tar.bz2#03822c4b5dae5988ba9dcb7eae837345
https://conda.anaconda.org/nvidia/linux-64/libnvjpeg-11.9.0.86-0.tar.bz2#e42d6f0f20feb0cba0165d5cae33362f
https://conda.anaconda.org/conda-forge/linux-64/libstdcxx-ng-12.2.0-h46fd767_19.tar.bz2#1030b1f38c129f2634eae026f704fe60
https://conda.anaconda.org/conda-forge/linux-64/mkl-include-2022.1.0-h84fe81f_915.tar.bz2#2dcd1acca05c11410d4494d7fc7dfa2a
# https://conda.anaconda.org/nvidia/linux-64/nsight-compute-2022.3.0.22-0.tar.bz2#a438d9120c100bcac9eb166cebdd3023
https://conda.anaconda.org/conda-forge/linux-64/python_abi-3.10-3_cp310.conda#4eb33d14d794b0f4be116443ffed3853
https://conda.anaconda.org/pytorch/noarch/pytorch-mutex-1.0-cuda.tar.bz2#a948316e36fb5b11223b3fcfa93f8358
https://conda.anaconda.org/conda-forge/noarch/tzdata-2022g-h191b570_0.conda#51fc4fcfb19f5d95ffc8c339db5068e8
# https://conda.anaconda.org/nvidia/linux-64/cuda-command-line-tools-11.7.1-0.tar.bz2#d38f402eb5fd87824dac55ce484a9e9e
# https://conda.anaconda.org/nvidia/linux-64/cuda-compiler-11.7.1-0.tar.bz2#53b53a91dc5e2f190e0fc62f98cb7730
https://conda.anaconda.org/nvidia/linux-64/cuda-cudart-dev-11.7.99-0.tar.bz2#54468fd55ddbf39b7bb8408dfb08203f
https://conda.anaconda.org/nvidia/linux-64/cuda-libraries-11.7.1-0.tar.bz2#6fc99cc9d2e7d6d2da1c10c5e140ab8c
# https://conda.anaconda.org/nvidia/linux-64/cuda-nsight-compute-11.8.0-0.tar.bz2#2321698a7ca3b20cc8a5fdcdcd9f8aae
https://conda.anaconda.org/nvidia/linux-64/cuda-nvrtc-dev-11.7.99-0.tar.bz2#ca8719682e3e81ad83b9aef3b1135327
# https://conda.anaconda.org/nvidia/linux-64/cuda-nvvp-11.8.87-0.tar.bz2#e9df05575a736ab3c8f89853bdac736a
https://conda.anaconda.org/conda-forge/noarch/fonts-conda-forge-1-0.tar.bz2#f766549260d6815b0c52253f1fb1bb29
https://conda.anaconda.org/nvidia/linux-64/gds-tools-1.4.0.31-0.tar.bz2#94165b72994808d935d15cc3667100c9
# https://conda.anaconda.org/nvidia/linux-64/libcublas-dev-11.11.3.6-0.tar.bz2#d2097d064d1437dbbcce39c3e8018a4e
# https://conda.anaconda.org/nvidia/linux-64/libcufft-dev-10.9.0.58-0.tar.bz2#bd0ef1722efed6b4d689043a1bbd72fc
# https://conda.anaconda.org/nvidia/linux-64/libcufile-dev-1.4.0.31-0.tar.bz2#a8dfd661b50be828ea8e58d6fdd01363
# https://conda.anaconda.org/nvidia/linux-64/libcurand-dev-10.3.0.86-0.tar.bz2#5639b483c7c51ce2acb578444c0e10ce
# https://conda.anaconda.org/nvidia/linux-64/libcusolver-dev-11.4.1.48-0.tar.bz2#eef8b2209666925de40dc52dc2bd0036
# https://conda.anaconda.org/nvidia/linux-64/libcusparse-dev-11.7.5.86-0.tar.bz2#e0c8805b9b08087d1cce37bcc270a3e4
https://conda.anaconda.org/conda-forge/linux-64/libgfortran-ng-12.2.0-h69a702a_19.tar.bz2#cd7a806282c16e1f2d39a7e80d3a3e0d
# https://conda.anaconda.org/nvidia/linux-64/libnpp-dev-11.8.0.86-0.tar.bz2#dde377399a27bb87e124db9c8b898e32
# https://conda.anaconda.org/nvidia/linux-64/libnvjpeg-dev-11.9.0.86-0.tar.bz2#3fa3184a0180608546e54934be2e4a26
# https://conda.anaconda.org/nvidia/linux-64/cuda-libraries-dev-11.7.1-0.tar.bz2#5319bb28ec6209b0460d0972cfefe592
https://conda.anaconda.org/nvidia/linux-64/cuda-runtime-11.7.1-0.tar.bz2#e88cf61af312d2621a0224d431be511b
https://conda.anaconda.org/conda-forge/noarch/fonts-conda-ecosystem-1-0.tar.bz2#fee5683a3f04bd15cbd8318b096a27ab
# https://conda.anaconda.org/nvidia/linux-64/cuda-visual-tools-11.7.1-0.tar.bz2#21755834c6fac8ee53c3b0aca2165373
https://conda.anaconda.org/nvidia/linux-64/cuda-tools-11.7.1-0.tar.bz2#bfd542b843d3ca415e5862879d283cf8
https://conda.anaconda.org/nvidia/linux-64/cuda-toolkit-11.7.1-0.tar.bz2#ba2ae968759a87b3cfd894b63c7c2201
https://conda.anaconda.org/nvidia/linux-64/cuda-11.7.1-0.tar.bz2#5e5463be30b8c06f2929767e33b2b715
https://conda.anaconda.org/pytorch/noarch/pytorch-cuda-11.7-h67b0de4_0.tar.bz2#ba87bf7c4126c2e9754c339643b8a58c
https://conda.anaconda.org/conda-forge/linux-64/_openmp_mutex-4.5-2_kmp_llvm.tar.bz2#562b26ba2e19059551a811e72ab7f793
https://conda.anaconda.org/conda-forge/linux-64/libgcc-ng-12.2.0-h65d4601_19.tar.bz2#e4c94f80aef025c17ab0828cd85ef535
https://conda.anaconda.org/conda-forge/linux-64/aom-3.5.0-h27087fc_0.tar.bz2#a08150fd2298460cd1fcccf626305642
https://conda.anaconda.org/conda-forge/linux-64/bzip2-1.0.8-h7f98852_4.tar.bz2#a1fd65c7ccbf10880423d82bca54eb54
https://conda.anaconda.org/conda-forge/linux-64/expat-2.5.0-h27087fc_0.tar.bz2#c4fbad8d4bddeb3c085f18cbf97fbfad
https://conda.anaconda.org/conda-forge/linux-64/gettext-0.21.1-h27087fc_0.tar.bz2#14947d8770185e5153fdd04d4673ed37
https://conda.anaconda.org/conda-forge/linux-64/gmp-6.2.1-h58526e2_0.tar.bz2#b94cf2db16066b242ebd26db2facbd56
https://conda.anaconda.org/conda-forge/linux-64/icu-70.1-h27087fc_0.tar.bz2#87473a15119779e021c314249d4b4aed
https://conda.anaconda.org/conda-forge/linux-64/jpeg-9e-h166bdaf_2.tar.bz2#ee8b844357a0946870901c7c6f418268
https://conda.anaconda.org/conda-forge/linux-64/lame-3.100-h166bdaf_1003.tar.bz2#a8832b479f93521a9e7b5b743803be51
https://conda.anaconda.org/conda-forge/linux-64/lerc-4.0.0-h27087fc_0.tar.bz2#76bbff344f0134279f225174e9064c8f
https://conda.anaconda.org/conda-forge/linux-64/libdeflate-1.14-h166bdaf_0.tar.bz2#fc84a0446e4e4fb882e78d786cfb9734
https://conda.anaconda.org/conda-forge/linux-64/libffi-3.4.2-h7f98852_5.tar.bz2#d645c6d2ac96843a2bfaccd2d62b3ac3
https://conda.anaconda.org/conda-forge/linux-64/libiconv-1.17-h166bdaf_0.tar.bz2#b62b52da46c39ee2bc3c162ac7f1804d
https://conda.anaconda.org/conda-forge/linux-64/libnsl-2.0.0-h7f98852_0.tar.bz2#39b1328babf85c7c3a61636d9cd50206
https://conda.anaconda.org/conda-forge/linux-64/libpciaccess-0.17-h166bdaf_0.tar.bz2#b7463391cf284065294e2941dd41ab95
https://conda.anaconda.org/conda-forge/linux-64/libtasn1-4.19.0-h166bdaf_0.tar.bz2#93840744a8552e9ebf6bb1a5dffc125a
https://conda.anaconda.org/conda-forge/linux-64/libunistring-0.9.10-h7f98852_0.tar.bz2#7245a044b4a1980ed83196176b78b73a
https://conda.anaconda.org/conda-forge/linux-64/libuuid-2.32.1-h7f98852_1000.tar.bz2#772d69f030955d9646d3d0eaf21d859d
https://conda.anaconda.org/conda-forge/linux-64/libvpx-1.11.0-h9c3ff4c_3.tar.bz2#ebe18273eebadbb4dfb13f1062e054e9
https://conda.anaconda.org/conda-forge/linux-64/libwebp-base-1.2.4-h166bdaf_0.tar.bz2#ac2ccf7323d21f2994e4d1f5da664f37
https://conda.anaconda.org/conda-forge/linux-64/libzlib-1.2.13-h166bdaf_4.tar.bz2#f3f9de449d32ca9b9c66a22863c96f41
https://conda.anaconda.org/conda-forge/linux-64/ncurses-6.3-h27087fc_1.tar.bz2#4acfc691e64342b9dae57cf2adc63238
https://conda.anaconda.org/conda-forge/linux-64/nettle-3.8.1-hc379101_1.tar.bz2#3cb2c7df59990bd37c2ce27fd906de68
https://conda.anaconda.org/conda-forge/linux-64/openh264-2.3.1-h27087fc_1.tar.bz2#6b6b81f9aed8c30003fba6382828e9bc
https://conda.anaconda.org/conda-forge/linux-64/openssl-3.0.7-h0b41bf4_1.conda#7adaac6ff98219bcb99b45e408b80f4e
https://conda.anaconda.org/conda-forge/linux-64/pthread-stubs-0.4-h36c2ea0_1001.tar.bz2#22dad4df6e8630e8dff2428f6f6a7036
https://conda.anaconda.org/conda-forge/linux-64/svt-av1-1.3.0-h27087fc_0.tar.bz2#a688ac1b5c12dfbc3d8dbf30f1bedb19
https://conda.anaconda.org/conda-forge/linux-64/x264-1!164.3095-h166bdaf_2.tar.bz2#6c99772d483f566d59e25037fea2c4b1
https://conda.anaconda.org/conda-forge/linux-64/x265-3.5-h924138e_3.tar.bz2#e7f6ed84d4623d52ee581325c1587a6b
https://conda.anaconda.org/conda-forge/linux-64/xorg-kbproto-1.0.7-h7f98852_1002.tar.bz2#4b230e8381279d76131116660f5a241a
https://conda.anaconda.org/conda-forge/linux-64/xorg-libxau-1.0.9-h7f98852_0.tar.bz2#bf6f803a544f26ebbdc3bfff272eb179
https://conda.anaconda.org/conda-forge/linux-64/xorg-libxdmcp-1.1.3-h7f98852_0.tar.bz2#be93aabceefa2fac576e971aef407908
https://conda.anaconda.org/conda-forge/linux-64/xorg-xextproto-7.3.0-h7f98852_1002.tar.bz2#1e15f6ad85a7d743a2ac68dae6c82b98
https://conda.anaconda.org/conda-forge/linux-64/xorg-xproto-7.0.31-h7f98852_1007.tar.bz2#b4a4381d54784606820704f7b5f05a15
https://conda.anaconda.org/conda-forge/linux-64/xz-5.2.6-h166bdaf_0.tar.bz2#2161070d867d1b1204ea749c8eec4ef0
https://conda.anaconda.org/conda-forge/linux-64/libdrm-2.4.114-h166bdaf_0.tar.bz2#efb58e80f5d0179a783c4e76c3df3b9c
https://conda.anaconda.org/conda-forge/linux-64/libidn2-2.3.4-h166bdaf_0.tar.bz2#7440fbafd870b8bab68f83a064875d34
https://conda.anaconda.org/conda-forge/linux-64/libpng-1.6.39-h753d276_0.conda#e1c890aebdebbfbf87e2c917187b4416
https://conda.anaconda.org/conda-forge/linux-64/libsqlite-3.40.0-h753d276_0.tar.bz2#2e5f9a37d487e1019fd4d8113adb2f9f
https://conda.anaconda.org/conda-forge/linux-64/libxcb-1.13-h7f98852_1004.tar.bz2#b3653fdc58d03face9724f602218a904
https://conda.anaconda.org/conda-forge/linux-64/libxml2-2.10.3-h7463322_0.tar.bz2#3b933ea47ef8f330c4c068af25fcd6a8
https://conda.anaconda.org/conda-forge/linux-64/llvm-openmp-15.0.6-he0ac6c6_0.conda#6b80b7135d057de371c7284c8471b044
https://conda.anaconda.org/conda-forge/linux-64/p11-kit-0.24.1-hc5aa10d_0.tar.bz2#56ee94e34b71742bbdfa832c974e47a8
https://conda.anaconda.org/conda-forge/linux-64/readline-8.1.2-h0f457ee_0.tar.bz2#db2ebbe2943aae81ed051a6a9af8e0fa
https://conda.anaconda.org/conda-forge/linux-64/tk-8.6.12-h27826a3_0.tar.bz2#5b8c42eb62e9fc961af70bdd6a26e168
https://conda.anaconda.org/conda-forge/linux-64/xorg-fixesproto-5.0-h7f98852_1002.tar.bz2#65ad6e1eb4aed2b0611855aff05e04f6
https://conda.anaconda.org/conda-forge/linux-64/zstd-1.5.2-h6239696_4.tar.bz2#adcf0be7897e73e312bd24353b613f74
https://conda.anaconda.org/conda-forge/linux-64/freetype-2.12.1-hca18f0e_1.conda#e1232042de76d24539a436d37597eb06
https://conda.anaconda.org/conda-forge/linux-64/gnutls-3.7.8-hf3e180e_0.tar.bz2#cbe8e27140d67c3f30e01cfb642a6e7c
https://conda.anaconda.org/conda-forge/linux-64/libhwloc-2.8.0-h32351e8_1.tar.bz2#0c52bb2b3b621d684f3beabd4aacaca7
https://conda.anaconda.org/conda-forge/linux-64/libtiff-4.4.0-h55922b4_4.tar.bz2#901791f0ec7cddc8714e76e273013a91
https://conda.anaconda.org/conda-forge/linux-64/python-3.10.8-h4a9ceb5_0_cpython.conda#be2a6d78752c2ab85f360ce37d2c64e2
https://conda.anaconda.org/conda-forge/linux-64/xorg-libx11-1.7.2-h7f98852_0.tar.bz2#12a61e640b8894504326aadafccbb790
https://conda.anaconda.org/conda-forge/noarch/certifi-2022.12.7-pyhd8ed1ab_0.conda#fb9addc3db06e56abe03e0e9f21a63e6
https://conda.anaconda.org/conda-forge/noarch/charset-normalizer-2.1.1-pyhd8ed1ab_0.tar.bz2#c1d5b294fbf9a795dec349a6f4d8be8e
https://conda.anaconda.org/conda-forge/noarch/colorama-0.4.6-pyhd8ed1ab_0.tar.bz2#3faab06a954c2a04039983f2c4a50d99
https://conda.anaconda.org/conda-forge/linux-64/fontconfig-2.14.1-hc2a2eb6_0.tar.bz2#78415f0180a8d9c5bcc47889e00d5fb1
https://conda.anaconda.org/conda-forge/noarch/idna-3.4-pyhd8ed1ab_0.tar.bz2#34272b248891bddccc64479f9a7fffed
https://conda.anaconda.org/conda-forge/linux-64/lcms2-2.14-h6ed2654_0.tar.bz2#dcc588839de1445d90995a0a2c4f3a39
https://conda.anaconda.org/conda-forge/linux-64/openjpeg-2.5.0-h7d73246_1.tar.bz2#a11b4df9271a8d7917686725aa04c8f2
https://conda.anaconda.org/conda-forge/noarch/pycparser-2.21-pyhd8ed1ab_0.tar.bz2#076becd9e05608f8dc72757d5f3a91ff
https://conda.anaconda.org/conda-forge/noarch/pysocks-1.7.1-pyha2e5f31_6.tar.bz2#2a7de29fb590ca14b5243c4c812c8025
https://conda.anaconda.org/conda-forge/noarch/setuptools-65.5.1-pyhd8ed1ab_0.tar.bz2#cfb8dc4d9d285ca5fb1177b9dd450e33
https://conda.anaconda.org/conda-forge/linux-64/tbb-2021.7.0-h924138e_1.conda#1a272773743a97aa044fd5bcdac2138a
https://conda.anaconda.org/conda-forge/noarch/typing_extensions-4.4.0-pyha770c72_0.tar.bz2#2d93b130d148d7fc77e583677792fc6a
https://conda.anaconda.org/conda-forge/noarch/wheel-0.38.4-pyhd8ed1ab_0.tar.bz2#c829cfb8cb826acb9de0ac1a2df0a940
https://conda.anaconda.org/conda-forge/linux-64/xorg-libxext-1.3.4-h7f98852_1.tar.bz2#536cc5db4d0a3ba0630541aec064b5e4
https://conda.anaconda.org/conda-forge/linux-64/xorg-libxfixes-5.0.3-h7f98852_1004.tar.bz2#e9a21aa4d5e3e5f1aed71e8cefd46b6a
https://conda.anaconda.org/conda-forge/linux-64/cffi-1.15.1-py310h255011f_2.tar.bz2#6bb8063dd08f9724c18744b0e040cfe2
https://conda.anaconda.org/conda-forge/linux-64/libva-2.16.0-h166bdaf_0.tar.bz2#d7cba12acfb8f95baad26f1c79a55bc3
https://conda.anaconda.org/conda-forge/linux-64/mkl-2022.1.0-h84fe81f_915.tar.bz2#b9c8f925797a93dbff45e1626b025a6b
https://conda.anaconda.org/conda-forge/linux-64/pillow-9.2.0-py310h454ad03_3.tar.bz2#eb354ff791f505b1d6f13f776359d88e
https://conda.anaconda.org/conda-forge/noarch/pip-22.3.1-pyhd8ed1ab_0.tar.bz2#da66f2851b9836d3a7c5190082a45f7d
https://conda.anaconda.org/conda-forge/noarch/tqdm-4.64.1-pyhd8ed1ab_0.tar.bz2#5526ff3f88f9db87bb0924b9ce575345
https://conda.anaconda.org/conda-forge/linux-64/brotlipy-0.7.0-py310h5764c6d_1005.tar.bz2#87669c3468dff637bbd0363bc0f895cf
https://conda.anaconda.org/conda-forge/linux-64/cryptography-38.0.4-py310h600f1e7_0.conda#f999dcc21fe27ad97a8afcfa590daa14
https://conda.anaconda.org/conda-forge/linux-64/ffmpeg-5.1.2-gpl_hc51e5dc_103.tar.bz2#e5626347319ca408db5a1b6f4159097a
https://conda.anaconda.org/conda-forge/linux-64/libblas-3.9.0-16_linux64_mkl.tar.bz2#85f61af03fd291dae33150ffe89dc09a
https://conda.anaconda.org/conda-forge/linux-64/mkl-devel-2022.1.0-ha770c72_916.tar.bz2#69ba49e445f87aea2cba343a71a35ca2
https://conda.anaconda.org/conda-forge/linux-64/libcblas-3.9.0-16_linux64_mkl.tar.bz2#361bf757b95488de76c4f123805742d3
https://conda.anaconda.org/conda-forge/linux-64/liblapack-3.9.0-16_linux64_mkl.tar.bz2#a2f166748917d6d6e4707841ca1f519e
https://conda.anaconda.org/conda-forge/noarch/pyopenssl-22.1.0-pyhd8ed1ab_0.tar.bz2#fbfa0a180d48c800f922a10a114a8632
https://conda.anaconda.org/conda-forge/linux-64/liblapacke-3.9.0-16_linux64_mkl.tar.bz2#44ccc4d4dca6a8d57fa17442bc64b5a1
https://conda.anaconda.org/conda-forge/linux-64/numpy-1.23.5-py310h53a5b5f_0.conda#3b114b1559def8bad228fec544ac1812
https://conda.anaconda.org/conda-forge/noarch/urllib3-1.26.13-pyhd8ed1ab_0.conda#3078ef2359efd6ecadbc7e085c5e0592
https://conda.anaconda.org/conda-forge/linux-64/blas-devel-3.9.0-16_linux64_mkl.tar.bz2#3f92c1c9e1c0e183462c5071aa02cae1
https://conda.anaconda.org/conda-forge/noarch/requests-2.28.1-pyhd8ed1ab_1.tar.bz2#089382ee0e2dc2eae33a04cc3c2bddb0
https://conda.anaconda.org/conda-forge/linux-64/scipy-1.9.3-py310hdfbd76f_2.tar.bz2#0582a434d03f6b06d5defbb142c96f4f
https://conda.anaconda.org/conda-forge/linux-64/blas-2.116-mkl.tar.bz2#c196a26abf6b4f132c88828ab7c2231c
https://conda.anaconda.org/pytorch/linux-64/pytorch-1.13.0-py3.10_cuda11.7_cudnn8.5.0_0.tar.bz2#84ad9f45a99964c6ac464de100612fd9
https://conda.anaconda.org/pytorch/linux-64/torchvision-0.14.0-py310_cu117.tar.bz2#cf98f705c477342c5a649986df8bb6e3